// !$*UTF8*$!
{
	archiveVersion = 1;
	classes = {
	};
	objectVersion = 50;
	objects = {

/* Begin PBXBuildFile section */
		F76A927C2676997400215825 /* Item.swift in Sources */ = {isa = PBXBuildFile; fileRef = F76A927B2676997400215825 /* Item.swift */; };
		F76A92812676AB4B00215825 /* RowItem.swift in Sources */ = {isa = PBXBuildFile; fileRef = F76A92802676AB4B00215825 /* RowItem.swift */; };
		F76A92842676B58600215825 /* ImagePicker.swift in Sources */ = {isa = PBXBuildFile; fileRef = F76A92832676B58600215825 /* ImagePicker.swift */; };
		F76C8BCE266F1389005C5103 /* Lab3App.swift in Sources */ = {isa = PBXBuildFile; fileRef = F76C8BCD266F1389005C5103 /* Lab3App.swift */; };
		F76C8BD0266F1389005C5103 /* ContentView.swift in Sources */ = {isa = PBXBuildFile; fileRef = F76C8BCF266F1389005C5103 /* ContentView.swift */; };
		F76C8BD2266F1389005C5103 /* Assets.xcassets in Resources */ = {isa = PBXBuildFile; fileRef = F76C8BD1266F1389005C5103 /* Assets.xcassets */; };
		F76C8BD5266F1389005C5103 /* Preview Assets.xcassets in Resources */ = {isa = PBXBuildFile; fileRef = F76C8BD4266F1389005C5103 /* Preview Assets.xcassets */; };
		F76C8BDD266F1B56005C5103 /* Store.swift in Sources */ = {isa = PBXBuildFile; fileRef = F76C8BDC266F1B56005C5103 /* Store.swift */; };
/* End PBXBuildFile section */

/* Begin PBXFileReference section */
		F76A927B2676997400215825 /* Item.swift */ = {isa = PBXFileReference; lastKnownFileType = sourcecode.swift; path = Item.swift; sourceTree = "<group>"; };
		F76A92802676AB4B00215825 /* RowItem.swift */ = {isa = PBXFileReference; lastKnownFileType = sourcecode.swift; path = RowItem.swift; sourceTree = "<group>"; };
		F76A92832676B58600215825 /* ImagePicker.swift */ = {isa = PBXFileReference; lastKnownFileType = sourcecode.swift; path = ImagePicker.swift; sourceTree = "<group>"; };
		F76C8BCA266F1389005C5103 /* Lab3.app */ = {isa = PBXFileReference; explicitFileType = wrapper.application; includeInIndex = 0; path = Lab3.app; sourceTree = BUILT_PRODUCTS_DIR; };
		F76C8BCD266F1389005C5103 /* Lab3App.swift */ = {isa = PBXFileReference; lastKnownFileType = sourcecode.swift; path = Lab3App.swift; sourceTree = "<group>"; };
		F76C8BCF266F1389005C5103 /* ContentView.swift */ = {isa = PBXFileReference; lastKnownFileType = sourcecode.swift; path = ContentView.swift; sourceTree = "<group>"; };
		F76C8BD1266F1389005C5103 /* Assets.xcassets */ = {isa = PBXFileReference; lastKnownFileType = folder.assetcatalog; path = Assets.xcassets; sourceTree = "<group>"; };
		F76C8BD4266F1389005C5103 /* Preview Assets.xcassets */ = {isa = PBXFileReference; lastKnownFileType = folder.assetcatalog; path = "Preview Assets.xcassets"; sourceTree = "<group>"; };
		F76C8BD6266F1389005C5103 /* Info.plist */ = {isa = PBXFileReference; lastKnownFileType = text.plist.xml; path = Info.plist; sourceTree = "<group>"; };
		F76C8BDC266F1B56005C5103 /* Store.swift */ = {isa = PBXFileReference; lastKnownFileType = sourcecode.swift; path = Store.swift; sourceTree = "<group>"; };
/* End PBXFileReference section */

/* Begin PBXFrameworksBuildPhase section */
		F76C8BC7266F1389005C5103 /* Frameworks */ = {
			isa = PBXFrameworksBuildPhase;
			buildActionMask = 2147483647;
			files = (
			);
			runOnlyForDeploymentPostprocessing = 0;
		};
/* End PBXFrameworksBuildPhase section */

/* Begin PBXGroup section */
		F76A927A2676995B00215825 /* Models */ = {
			isa = PBXGroup;
			children = (
				F76A927B2676997400215825 /* Item.swift */,
			);
			path = Models;
			sourceTree = "<group>";
		};
		F76A927F2676AB3200215825 /* Views */ = {
			isa = PBXGroup;
			children = (
				F76A92802676AB4B00215825 /* RowItem.swift */,
			);
			path = Views;
			sourceTree = "<group>";
		};
		F76A92822676B56000215825 /* Util */ = {
			isa = PBXGroup;
			children = (
				F76A92832676B58600215825 /* ImagePicker.swift */,
			);
			path = Util;
			sourceTree = "<group>";
		};
		F76C8BC1266F1389005C5103 = {
			isa = PBXGroup;
			children = (
				F76C8BCC266F1389005C5103 /* Lab3 */,
				F76C8BCB266F1389005C5103 /* Products */,
			);
			sourceTree = "<group>";
		};
		F76C8BCB266F1389005C5103 /* Products */ = {
			isa = PBXGroup;
			children = (
				F76C8BCA266F1389005C5103 /* Lab3.app */,
			);
			name = Products;
			sourceTree = "<group>";
		};
		F76C8BCC266F1389005C5103 /* Lab3 */ = {
			isa = PBXGroup;
			children = (
				F76A92822676B56000215825 /* Util */,
				F76A927F2676AB3200215825 /* Views */,
				F76A927A2676995B00215825 /* Models */,
				F76C8BCD266F1389005C5103 /* Lab3App.swift */,
				F76C8BCF266F1389005C5103 /* ContentView.swift */,
				F76C8BDC266F1B56005C5103 /* Store.swift */,
				F76C8BD1266F1389005C5103 /* Assets.xcassets */,
				F76C8BD6266F1389005C5103 /* Info.plist */,
				F76C8BD3266F1389005C5103 /* Preview Content */,
			);
			path = Lab3;
			sourceTree = "<group>";
		};
		F76C8BD3266F1389005C5103 /* Preview Content */ = {
			isa = PBXGroup;
			children = (
				F76C8BD4266F1389005C5103 /* Preview Assets.xcassets */,
			);
			path = "Preview Content";
			sourceTree = "<group>";
		};
/* End PBXGroup section */

/* Begin PBXNativeTarget section */
		F76C8BC9266F1389005C5103 /* Lab3 */ = {
			isa = PBXNativeTarget;
			buildConfigurationList = F76C8BD9266F1389005C5103 /* Build configuration list for PBXNativeTarget "Lab3" */;
			buildPhases = (
				F76C8BC6266F1389005C5103 /* Sources */,
				F76C8BC7266F1389005C5103 /* Frameworks */,
				F76C8BC8266F1389005C5103 /* Resources */,
			);
			buildRules = (
			);
			dependencies = (
			);
			name = Lab3;
			productName = Lab3;
			productReference = F76C8BCA266F1389005C5103 /* Lab3.app */;
			productType = "com.apple.product-type.application";
		};
/* End PBXNativeTarget section */

/* Begin PBXProject section */
		F76C8BC2266F1389005C5103 /* Project object */ = {
			isa = PBXProject;
			attributes = {
				LastSwiftUpdateCheck = 1250;
				LastUpgradeCheck = 1250;
				TargetAttributes = {
					F76C8BC9266F1389005C5103 = {
						CreatedOnToolsVersion = 12.5;
					};
				};
			};
			buildConfigurationList = F76C8BC5266F1389005C5103 /* Build configuration list for PBXProject "Lab3" */;
			compatibilityVersion = "Xcode 9.3";
			developmentRegion = en;
			hasScannedForEncodings = 0;
			knownRegions = (
				en,
				Base,
			);
			mainGroup = F76C8BC1266F1389005C5103;
			productRefGroup = F76C8BCB266F1389005C5103 /* Products */;
			projectDirPath = "";
			projectRoot = "";
			targets = (
				F76C8BC9266F1389005C5103 /* Lab3 */,
			);
		};
/* End PBXProject section */

/* Begin PBXResourcesBuildPhase section */
		F76C8BC8266F1389005C5103 /* Resources */ = {
			isa = PBXResourcesBuildPhase;
			buildActionMask = 2147483647;
			files = (
				F76C8BD5266F1389005C5103 /* Preview Assets.xcassets in Resources */,
				F76C8BD2266F1389005C5103 /* Assets.xcassets in Resources */,
			);
			runOnlyForDeploymentPostprocessing = 0;
		};
/* End PBXResourcesBuildPhase section */

/* Begin PBXSourcesBuildPhase section */
		F76C8BC6266F1389005C5103 /* Sources */ = {
			isa = PBXSourcesBuildPhase;
			buildActionMask = 2147483647;
			files = (
				F76A927C2676997400215825 /* Item.swift in Sources */,
				F76C8BDD266F1B56005C5103 /* Store.swift in Sources */,
				F76C8BD0266F1389005C5103 /* ContentView.swift in Sources */,
				F76A92842676B58600215825 /* ImagePicker.swift in Sources */,
				F76C8BCE266F1389005C5103 /* Lab3App.swift in Sources */,
				F76A92812676AB4B00215825 /* RowItem.swift in Sources */,
			);
			runOnlyForDeploymentPostprocessing = 0;
		};
/* End PBXSourcesBuildPhase section */

/* Begin XCBuildConfiguration section */
		F76C8BD7266F1389005C5103 /* Debug */ = {
			isa = XCBuildConfiguration;
			buildSettings = {
				ALWAYS_SEARCH_USER_PATHS = NO;
				CLANG_ANALYZER_NONNULL = YES;
				CLANG_ANALYZER_NUMBER_OBJECT_CONVERSION = YES_AGGRESSIVE;
				CLANG_CXX_LANGUAGE_STANDARD = "gnu++14";
				CLANG_CXX_LIBRARY = "libc++";
				CLANG_ENABLE_MODULES = YES;
				CLANG_ENABLE_OBJC_ARC = YES;
				CLANG_ENABLE_OBJC_WEAK = YES;
				CLANG_WARN_BLOCK_CAPTURE_AUTORELEASING = YES;
				CLANG_WARN_BOOL_CONVERSION = YES;
				CLANG_WARN_COMMA = YES;
				CLANG_WARN_CONSTANT_CONVERSION = YES;
				CLANG_WARN_DEPRECATED_OBJC_IMPLEMENTATIONS = YES;
				CLANG_WARN_DIRECT_OBJC_ISA_USAGE = YES_ERROR;
				CLANG_WARN_DOCUMENTATION_COMMENTS = YES;
				CLANG_WARN_EMPTY_BODY = YES;
				CLANG_WARN_ENUM_CONVERSION = YES;
				CLANG_WARN_INFINITE_RECURSION = YES;
				CLANG_WARN_INT_CONVERSION = YES;
				CLANG_WARN_NON_LITERAL_NULL_CONVERSION = YES;
				CLANG_WARN_OBJC_IMPLICIT_RETAIN_SELF = YES;
				CLANG_WARN_OBJC_LITERAL_CONVERSION = YES;
				CLANG_WARN_OBJC_ROOT_CLASS = YES_ERROR;
				CLANG_WARN_QUOTED_INCLUDE_IN_FRAMEWORK_HEADER = YES;
				CLANG_WARN_RANGE_LOOP_ANALYSIS = YES;
				CLANG_WARN_STRICT_PROTOTYPES = YES;
				CLANG_WARN_SUSPICIOUS_MOVE = YES;
				CLANG_WARN_UNGUARDED_AVAILABILITY = YES_AGGRESSIVE;
				CLANG_WARN_UNREACHABLE_CODE = YES;
				CLANG_WARN__DUPLICATE_METHOD_MATCH = YES;
				COPY_PHASE_STRIP = NO;
				DEBUG_INFORMATION_FORMAT = dwarf;
				ENABLE_STRICT_OBJC_MSGSEND = YES;
				ENABLE_TESTABILITY = YES;
				GCC_C_LANGUAGE_STANDARD = gnu11;
				GCC_DYNAMIC_NO_PIC = NO;
				GCC_NO_COMMON_BLOCKS = YES;
				GCC_OPTIMIZATION_LEVEL = 0;
				GCC_PREPROCESSOR_DEFINITIONS = (
					"DEBUG=1",
					"$(inherited)",
				);
				GCC_WARN_64_TO_32_BIT_CONVERSION = YES;
				GCC_WARN_ABOUT_RETURN_TYPE = YES_ERROR;
				GCC_WARN_UNDECLARED_SELECTOR = YES;
				GCC_WARN_UNINITIALIZED_AUTOS = YES_AGGRESSIVE;
				GCC_WARN_UNUSED_FUNCTION = YES;
				GCC_WARN_UNUSED_VARIABLE = YES;
				IPHONEOS_DEPLOYMENT_TARGET = 14.5;
				MTL_ENABLE_DEBUG_INFO = INCLUDE_SOURCE;
				MTL_FAST_MATH = YES;
				ONLY_ACTIVE_ARCH = YES;
				SDKROOT = iphoneos;
				SWIFT_ACTIVE_COMPILATION_CONDITIONS = DEBUG;
				SWIFT_OPTIMIZATION_LEVEL = "-Onone";
			};
			name = Debug;
		};
		F76C8BD8266F1389005C5103 /* Release */ = {
			isa = XCBuildConfiguration;
			buildSettings = {
				ALWAYS_SEARCH_USER_PATHS = NO;
				CLANG_ANALYZER_NONNULL = YES;
				CLANG_ANALYZER_NUMBER_OBJECT_CONVERSION = YES_AGGRESSIVE;
				CLANG_CXX_LANGUAGE_STANDARD = "gnu++14";
				CLANG_CXX_LIBRARY = "libc++";
				CLANG_ENABLE_MODULES = YES;
				CLANG_ENABLE_OBJC_ARC = YES;
				CLANG_ENABLE_OBJC_WEAK = YES;
				CLANG_WARN_BLOCK_CAPTURE_AUTORELEASING = YES;
				CLANG_WARN_BOOL_CONVERSION = YES;
				CLANG_WARN_COMMA = YES;
				CLANG_WARN_CONSTANT_CONVERSION = YES;
				CLANG_WARN_DEPRECATED_OBJC_IMPLEMENTATIONS = YES;
				CLANG_WARN_DIRECT_OBJC_ISA_USAGE = YES_ERROR;
				CLANG_WARN_DOCUMENTATION_COMMENTS = YES;
				CLANG_WARN_EMPTY_BODY = YES;
				CLANG_WARN_ENUM_CONVERSION = YES;
				CLANG_WARN_INFINITE_RECURSION = YES;
				CLANG_WARN_INT_CONVERSION = YES;
				CLANG_WARN_NON_LITERAL_NULL_CONVERSION = YES;
				CLANG_WARN_OBJC_IMPLICIT_RETAIN_SELF = YES;
				CLANG_WARN_OBJC_LITERAL_CONVERSION = YES;
				CLANG_WARN_OBJC_ROOT_CLASS = YES_ERROR;
				CLANG_WARN_QUOTED_INCLUDE_IN_FRAMEWORK_HEADER = YES;
				CLANG_WARN_RANGE_LOOP_ANALYSIS = YES;
				CLANG_WARN_STRICT_PROTOTYPES = YES;
				CLANG_WARN_SUSPICIOUS_MOVE = YES;
				CLANG_WARN_UNGUARDED_AVAILABILITY = YES_AGGRESSIVE;
				CLANG_WARN_UNREACHABLE_CODE = YES;
				CLANG_WARN__DUPLICATE_METHOD_MATCH = YES;
				COPY_PHASE_STRIP = NO;
				DEBUG_INFORMATION_FORMAT = "dwarf-with-dsym";
				ENABLE_NS_ASSERTIONS = NO;
				ENABLE_STRICT_OBJC_MSGSEND = YES;
				GCC_C_LANGUAGE_STANDARD = gnu11;
				GCC_NO_COMMON_BLOCKS = YES;
				GCC_WARN_64_TO_32_BIT_CONVERSION = YES;
				GCC_WARN_ABOUT_RETURN_TYPE = YES_ERROR;
				GCC_WARN_UNDECLARED_SELECTOR = YES;
				GCC_WARN_UNINITIALIZED_AUTOS = YES_AGGRESSIVE;
				GCC_WARN_UNUSED_FUNCTION = YES;
				GCC_WARN_UNUSED_VARIABLE = YES;
				IPHONEOS_DEPLOYMENT_TARGET = 14.5;
				MTL_ENABLE_DEBUG_INFO = NO;
				MTL_FAST_MATH = YES;
				SDKROOT = iphoneos;
				SWIFT_COMPILATION_MODE = wholemodule;
				SWIFT_OPTIMIZATION_LEVEL = "-O";
				VALIDATE_PRODUCT = YES;
			};
			name = Release;
		};
		F76C8BDA266F1389005C5103 /* Debug */ = {
			isa = XCBuildConfiguration;
			buildSettings = {
				ASSETCATALOG_COMPILER_APPICON_NAME = AppIcon;
				ASSETCATALOG_COMPILER_GLOBAL_ACCENT_COLOR_NAME = AccentColor;
				CODE_SIGN_STYLE = Automatic;
				DEVELOPMENT_ASSET_PATHS = "\"Lab3/Preview Content\"";
				DEVELOPMENT_TEAM = YUUW8QNH75;
				ENABLE_PREVIEWS = YES;
				INFOPLIST_FILE = Lab3/Info.plist;
				IPHONEOS_DEPLOYMENT_TARGET = 14.0;
				LD_RUNPATH_SEARCH_PATHS = (
					"$(inherited)",
					"@executable_path/Frameworks",
				);
				PRODUCT_BUNDLE_IDENTIFIER = app.example.Lab3;
				PRODUCT_NAME = "$(TARGET_NAME)";
				SWIFT_VERSION = 5.0;
				TARGETED_DEVICE_FAMILY = "1,2";
			};
			name = Debug;
		};
		F76C8BDB266F1389005C5103 /* Release */ = {
			isa = XCBuildConfiguration;
			buildSettings = {
				ASSETCATALOG_COMPILER_APPICON_NAME = AppIcon;
				ASSETCATALOG_COMPILER_GLOBAL_ACCENT_COLOR_NAME = AccentColor;
				CODE_SIGN_STYLE = Automatic;
				DEVELOPMENT_ASSET_PATHS = "\"Lab3/Preview Content\"";
				DEVELOPMENT_TEAM = YUUW8QNH75;
				ENABLE_PREVIEWS = YES;
				INFOPLIST_FILE = Lab3/Info.plist;
				IPHONEOS_DEPLOYMENT_TARGET = 14.0;
				LD_RUNPATH_SEARCH_PATHS = (
					"$(inherited)",
					"@executable_path/Frameworks",
				);
				PRODUCT_BUNDLE_IDENTIFIER = app.example.Lab3;
				PRODUCT_NAME = "$(TARGET_NAME)";
				SWIFT_VERSION = 5.0;
				TARGETED_DEVICE_FAMILY = "1,2";
			};
			name = Release;
		};
/* End XCBuildConfiguration section */

/* Begin XCConfigurationList section */
		F76C8BC5266F1389005C5103 /* Build configuration list for PBXProject "Lab3" */ = {
			isa = XCConfigurationList;
			buildConfigurations = (
				F76C8BD7266F1389005C5103 /* Debug */,
				F76C8BD8266F1389005C5103 /* Release */,
			);
			defaultConfigurationIsVisible = 0;
			defaultConfigurationName = Release;
		};
		F76C8BD9266F1389005C5103 /* Build configuration list for PBXNativeTarget "Lab3" */ = {
			isa = XCConfigurationList;
			buildConfigurations = (
				F76C8BDA266F1389005C5103 /* Debug */,
				F76C8BDB266F1389005C5103 /* Release */,
			);
			defaultConfigurationIsVisible = 0;
			defaultConfigurationName = Release;
		};
/* End XCConfigurationList section */
	};
	rootObject = F76C8BC2266F1389005C5103 /* Project object */;
}
